
Microsoft Visual Studio Solution File, Format Version 12.00
# Visual Studio Version 16
VisualStudioVersion = 16.0.32901.82
MinimumVisualStudioVersion = 10.0.40219.1
Project("{9A19103F-16F7-4668-BE54-9A1E7A4F7556}") = "Bai1", "Bai1\Bai1.csproj", "{9A4D78FF-F20C-45EF-B1AE-5B4E495826B3}"
EndProject
Project("{9A19103F-16F7-4668-BE54-9A1E7A4F7556}") = "Bai2", "Bai2\Bai2.csproj", "{F329D92A-7167-499C-81BB-54FF0FFFF194}"
EndProject
Project("{FAE04EC0-301F-11D3-BF4B-00C04F79EFBC}") = "Bai3", "Bai3\Bai3.csproj", "{B32DACC2-0671-4300-8764-D3E24DA2835C}"
EndProject
Project("{FAE04EC0-301F-11D3-BF4B-00C04F79EFBC}") = "Bai4", "Bai4\Bai4.csproj", "{464B1432-3DFF-4863-B78E-861EC2F87044}"
EndProject
Global
	GlobalSection(SolutionConfigurationPlatforms) = preSolution
		Debug|Any CPU = Debug|Any CPU
		Release|Any CPU = Release|Any CPU
	EndGlobalSection
	GlobalSection(ProjectConfigurationPlatforms) = postSolution
		{9A4D78FF-F20C-45EF-B1AE-5B4E495826B3}.Debug|Any CPU.ActiveCfg = Debug|Any CPU
		{9A4D78FF-F20C-45EF-B1AE-5B4E495826B3}.Debug|Any CPU.Build.0 = Debug|Any CPU
		{9A4D78FF-F20C-45EF-B1AE-5B4E495826B3}.Release|Any CPU.ActiveCfg = Release|Any CPU
		{9A4D78FF-F20C-45EF-B1AE-5B4E495826B3}.Release|Any CPU.Build.0 = Release|Any CPU
		{F329D92A-7167-499C-81BB-54FF0FFFF194}.Debug|Any CPU.ActiveCfg = Debug|Any CPU
		{F329D92A-7167-499C-81BB-54FF0FFFF194}.Debug|Any CPU.Build.0 = Debug|Any CPU
		{F329D92A-7167-499C-81BB-54FF0FFFF194}.Release|Any CPU.ActiveCfg = Release|Any CPU
		{F329D92A-7167-499C-81BB-54FF0FFFF194}.Release|Any CPU.Build.0 = Release|Any CPU
		{B32DACC2-0671-4300-8764-D3E24DA2835C}.Debug|Any CPU.ActiveCfg = Debug|Any CPU
		{B32DACC2-0671-4300-8764-D3E24DA2835C}.Debug|Any CPU.Build.0 = Debug|Any CPU
		{B32DACC2-0671-4300-8764-D3E24DA2835C}.Release|Any CPU.ActiveCfg = Release|Any CPU
		{B32DACC2-0671-4300-8764-D3E24DA2835C}.Release|Any CPU.Build.0 = Release|Any CPU
		{464B1432-3DFF-4863-B78E-861EC2F87044}.Debug|Any CPU.ActiveCfg = Debug|Any CPU
		{464B1432-3DFF-4863-B78E-861EC2F87044}.Debug|Any CPU.Build.0 = Debug|Any CPU
		{464B1432-3DFF-4863-B78E-861EC2F87044}.Release|Any CPU.ActiveCfg = Release|Any CPU
		{464B1432-3DFF-4863-B78E-861EC2F87044}.Release|Any CPU.Build.0 = Release|Any CPU
	EndGlobalSection
	GlobalSection(SolutionProperties) = preSolution
		HideSolutionNode = FALSE
	EndGlobalSection
	GlobalSection(ExtensibilityGlobals) = postSolution
		SolutionGuid = {28C613D3-7236-481A-900E-1B54E78B15D3}
	EndGlobalSection
EndGlobal
